
Microsoft Visual Studio Solution File, Format Version 12.00
# Visual Studio Version 16
VisualStudioVersion = 16.0.33920.266
MinimumVisualStudioVersion = 10.0.40219.1
Project("{FAE04EC0-301F-11D3-BF4B-00C04F79EFBC}") = "TakimMVC.Quiz", "TakimMVC.Quiz\TakimMVC.Quiz.csproj", "{B3AA5D2B-0C71-40F0-9333-23955F36AF5C}"
EndProject
Global
	GlobalSection(SolutionConfigurationPlatforms) = preSolution
		Debug|Any CPU = Debug|Any CPU
		Release|Any CPU = Release|Any CPU
	EndGlobalSection
	GlobalSection(ProjectConfigurationPlatforms) = postSolution
		{B3AA5D2B-0C71-40F0-9333-23955F36AF5C}.Debug|Any CPU.ActiveCfg = Debug|Any CPU
		{B3AA5D2B-0C71-40F0-9333-23955F36AF5C}.Debug|Any CPU.Build.0 = Debug|Any CPU
		{B3AA5D2B-0C71-40F0-9333-23955F36AF5C}.Release|Any CPU.ActiveCfg = Release|Any CPU
		{B3AA5D2B-0C71-40F0-9333-23955F36AF5C}.Release|Any CPU.Build.0 = Release|Any CPU
	EndGlobalSection
	GlobalSection(SolutionProperties) = preSolution
		HideSolutionNode = FALSE
	EndGlobalSection
	GlobalSection(ExtensibilityGlobals) = postSolution
		SolutionGuid = {D9D0AF40-7768-41AF-A6C9-DA53E40E1770}
	EndGlobalSection
EndGlobal
